
Microsoft Visual Studio Solution File, Format Version 12.00
# Visual Studio Version 17
VisualStudioVersion = 17.6.33829.357
MinimumVisualStudioVersion = 10.0.40219.1
Project("{FAE04EC0-301F-11D3-BF4B-00C04F79EFBC}") = "Rombo", "Rombo\Rombo.csproj", "{8FD7FC31-6DD3-4112-8214-90A2B1F4F28E}"
EndProject
Global
	GlobalSection(SolutionConfigurationPlatforms) = preSolution
		Debug|Any CPU = Debug|Any CPU
		Release|Any CPU = Release|Any CPU
	EndGlobalSection
	GlobalSection(ProjectConfigurationPlatforms) = postSolution
		{8FD7FC31-6DD3-4112-8214-90A2B1F4F28E}.Debug|Any CPU.ActiveCfg = Debug|Any CPU
		{8FD7FC31-6DD3-4112-8214-90A2B1F4F28E}.Debug|Any CPU.Build.0 = Debug|Any CPU
		{8FD7FC31-6DD3-4112-8214-90A2B1F4F28E}.Release|Any CPU.ActiveCfg = Release|Any CPU
		{8FD7FC31-6DD3-4112-8214-90A2B1F4F28E}.Release|Any CPU.Build.0 = Release|Any CPU
	EndGlobalSection
	GlobalSection(SolutionProperties) = preSolution
		HideSolutionNode = FALSE
	EndGlobalSection
	GlobalSection(ExtensibilityGlobals) = postSolution
		SolutionGuid = {B59F151F-AE91-4566-A04D-107BA52B2340}
	EndGlobalSection
EndGlobal
